
Microsoft Visual Studio Solution File, Format Version 12.00
# Visual Studio Version 17
VisualStudioVersion = 17.8.34322.80
MinimumVisualStudioVersion = 10.0.40219.1
Project("{9A19103F-16F7-4668-BE54-9A1E7A4F7556}") = "OmegaGameStudios_App'", "OmegaGameStudios_App\OmegaGameStudios\OmegaGameStudios_App'.csproj", "{1D25D523-1EEF-4115-B2A8-792769CA6F6D}"
EndProject
Project("{9A19103F-16F7-4668-BE54-9A1E7A4F7556}") = "OmegaGameStudios.Shared", "OmegaGameStudios_App\OmegaGameStudios\BethanysPieShopHRM.Shared\OmegaGameStudios.Shared.csproj", "{DF684C63-A357-496C-A1C3-85C052659731}"
EndProject
Global
	GlobalSection(SolutionConfigurationPlatforms) = preSolution
		Debug|Any CPU = Debug|Any CPU
		Release|Any CPU = Release|Any CPU
	EndGlobalSection
	GlobalSection(ProjectConfigurationPlatforms) = postSolution
		{1D25D523-1EEF-4115-B2A8-792769CA6F6D}.Debug|Any CPU.ActiveCfg = Debug|Any CPU
		{1D25D523-1EEF-4115-B2A8-792769CA6F6D}.Debug|Any CPU.Build.0 = Debug|Any CPU
		{1D25D523-1EEF-4115-B2A8-792769CA6F6D}.Release|Any CPU.ActiveCfg = Release|Any CPU
		{1D25D523-1EEF-4115-B2A8-792769CA6F6D}.Release|Any CPU.Build.0 = Release|Any CPU
		{DF684C63-A357-496C-A1C3-85C052659731}.Debug|Any CPU.ActiveCfg = Debug|Any CPU
		{DF684C63-A357-496C-A1C3-85C052659731}.Debug|Any CPU.Build.0 = Debug|Any CPU
		{DF684C63-A357-496C-A1C3-85C052659731}.Release|Any CPU.ActiveCfg = Release|Any CPU
		{DF684C63-A357-496C-A1C3-85C052659731}.Release|Any CPU.Build.0 = Release|Any CPU
	EndGlobalSection
	GlobalSection(SolutionProperties) = preSolution
		HideSolutionNode = FALSE
	EndGlobalSection
	GlobalSection(ExtensibilityGlobals) = postSolution
		SolutionGuid = {AFB37076-C97D-4B64-90F4-BC8E86C43AC6}
	EndGlobalSection
EndGlobal
